
Microsoft Visual Studio Solution File, Format Version 12.00
# Visual Studio Version 16
VisualStudioVersion = 16.0.29926.136
MinimumVisualStudioVersion = 10.0.40219.1
Project("{9A19103F-16F7-4668-BE54-9A1E7A4F7556}") = "SandBox", "SandBox\SandBox.csproj", "{70E07C76-86A5-4FBB-92E0-71B0DA6296DE}"
EndProject
Project("{9A19103F-16F7-4668-BE54-9A1E7A4F7556}") = "ClassificationSandboxML.Model", "ClassificationSandboxML.Model\ClassificationSandboxML.Model.csproj", "{F37E3E1C-1412-4915-9032-2CA3BEFAABA1}"
EndProject
Global
	GlobalSection(SolutionConfigurationPlatforms) = preSolution
		Debug|Any CPU = Debug|Any CPU
		Release|Any CPU = Release|Any CPU
	EndGlobalSection
	GlobalSection(ProjectConfigurationPlatforms) = postSolution
		{70E07C76-86A5-4FBB-92E0-71B0DA6296DE}.Debug|Any CPU.ActiveCfg = Debug|Any CPU
		{70E07C76-86A5-4FBB-92E0-71B0DA6296DE}.Debug|Any CPU.Build.0 = Debug|Any CPU
		{70E07C76-86A5-4FBB-92E0-71B0DA6296DE}.Release|Any CPU.ActiveCfg = Release|Any CPU
		{70E07C76-86A5-4FBB-92E0-71B0DA6296DE}.Release|Any CPU.Build.0 = Release|Any CPU
		{F37E3E1C-1412-4915-9032-2CA3BEFAABA1}.Debug|Any CPU.ActiveCfg = Debug|Any CPU
		{F37E3E1C-1412-4915-9032-2CA3BEFAABA1}.Debug|Any CPU.Build.0 = Debug|Any CPU
		{F37E3E1C-1412-4915-9032-2CA3BEFAABA1}.Release|Any CPU.ActiveCfg = Release|Any CPU
		{F37E3E1C-1412-4915-9032-2CA3BEFAABA1}.Release|Any CPU.Build.0 = Release|Any CPU
	EndGlobalSection
	GlobalSection(SolutionProperties) = preSolution
		HideSolutionNode = FALSE
	EndGlobalSection
	GlobalSection(ExtensibilityGlobals) = postSolution
		SolutionGuid = {05982D31-2699-426E-8A98-D97D88DC3305}
	EndGlobalSection
EndGlobal
